
Microsoft Visual Studio Solution File, Format Version 12.00
# Visual Studio Version 17
VisualStudioVersion = 17.1.32210.238
MinimumVisualStudioVersion = 10.0.40219.1
Project("{8BC9CEB8-8B4A-11D0-8D11-00A0C91BC942}") = "gfoil", "gfoil\gfoil.vcxproj", "{8DEE34FC-3747-4BB5-977A-96F0F052C0D5}"
EndProject
Global
	GlobalSection(SolutionConfigurationPlatforms) = preSolution
		Debug|x64 = Debug|x64
		Debug|x86 = Debug|x86
		Release|x64 = Release|x64
		Release|x86 = Release|x86
	EndGlobalSection
	GlobalSection(ProjectConfigurationPlatforms) = postSolution
		{8DEE34FC-3747-4BB5-977A-96F0F052C0D5}.Debug|x64.ActiveCfg = Debug|x64
		{8DEE34FC-3747-4BB5-977A-96F0F052C0D5}.Debug|x64.Build.0 = Debug|x64
		{8DEE34FC-3747-4BB5-977A-96F0F052C0D5}.Debug|x86.ActiveCfg = Debug|Win32
		{8DEE34FC-3747-4BB5-977A-96F0F052C0D5}.Debug|x86.Build.0 = Debug|Win32
		{8DEE34FC-3747-4BB5-977A-96F0F052C0D5}.Release|x64.ActiveCfg = Release|x64
		{8DEE34FC-3747-4BB5-977A-96F0F052C0D5}.Release|x64.Build.0 = Release|x64
		{8DEE34FC-3747-4BB5-977A-96F0F052C0D5}.Release|x86.ActiveCfg = Release|Win32
		{8DEE34FC-3747-4BB5-977A-96F0F052C0D5}.Release|x86.Build.0 = Release|Win32
	EndGlobalSection
	GlobalSection(SolutionProperties) = preSolution
		HideSolutionNode = FALSE
	EndGlobalSection
	GlobalSection(ExtensibilityGlobals) = postSolution
		SolutionGuid = {6CE72971-3100-4D63-9E79-C97ECBB20C9A}
	EndGlobalSection
EndGlobal
