<?xml version="1.0" encoding="utf-8"?>
<Project ToolsVersion="4.0" xmlns="http://schemas.microsoft.com/developer/msbuild/2003">
  <ItemGroup>
    <Filter Include="Source Files">
      <UniqueIdentifier>{4FC737F1-C7A5-4376-A066-2A32D752A2FF}</UniqueIdentifier>
      <Extensions>cpp;c;cc;cxx;c++;cppm;ixx;def;odl;idl;hpj;bat;asm;asmx</Extensions>
    </Filter>
    <Filter Include="Header Files">
      <UniqueIdentifier>{93995380-89BD-4b04-88EB-625FBE52EBFB}</UniqueIdentifier>
      <Extensions>h;hh;hpp;hxx;h++;hm;inl;inc;ipp;xsd</Extensions>
    </Filter>
    <Filter Include="Resource Files">
      <UniqueIdentifier>{67DA6AB6-F800-4c08-8B7A-83BB121AAD01}</UniqueIdentifier>
      <Extensions>rc;ico;cur;bmp;dlg;rc2;rct;bin;rgs;gif;jpg;jpeg;jpe;resx;tiff;tif;png;wav;mfcribbon-ms</Extensions>
    </Filter>
  </ItemGroup>
  <ItemGroup>
    <ClInclude Include="Source\gfoil.h">
      <Filter>Header Files</Filter>
    </ClInclude>
    <ClInclude Include="Source\convert.h">
      <Filter>Header Files</Filter>
    </ClInclude>
    <ClInclude Include="Source\system\system.h">
      <Filter>Header Files</Filter>
    </ClInclude>
    <ClInclude Include="Source\text.h">
      <Filter>Header Files</Filter>
    </ClInclude>
    <ClInclude Include="Source\graphics\buffer_array_object.h">
      <Filter>Header Files</Filter>
    </ClInclude>
    <ClInclude Include="Source\graphics\buffer.h">
      <Filter>Header Files</Filter>
    </ClInclude>
    <ClInclude Include="Source\graphics\font.h">
      <Filter>Header Files</Filter>
    </ClInclude>
    <ClInclude Include="Source\graphics\generic_batch_renderer.h">
      <Filter>Header Files</Filter>
    </ClInclude>
    <ClInclude Include="Source\graphics\texture.h">
      <Filter>Header Files</Filter>
    </ClInclude>
    <ClInclude Include="Source\graphics\stb_image.h">
      <Filter>Header Files</Filter>
    </ClInclude>
    <ClInclude Include="Source\graphics\shader.h">
      <Filter>Header Files</Filter>
    </ClInclude>
    <ClInclude Include="Source\graphics\window.h">
      <Filter>Header Files</Filter>
    </ClInclude>
    <ClInclude Include="Source\system\input.h">
      <Filter>Header Files</Filter>
    </ClInclude>
    <ClInclude Include="Source\graphics\generic_index_buffers.h">
      <Filter>Header Files</Filter>
    </ClInclude>
    <ClInclude Include="Source\graphics\small_types\vertex.h">
      <Filter>Header Files</Filter>
    </ClInclude>
    <ClInclude Include="Source\config.h">
      <Filter>Header Files</Filter>
    </ClInclude>
    <ClInclude Include="Source\system\Win64\CDialogEventHandler.h">
      <Filter>Header Files</Filter>
    </ClInclude>
    <ClInclude Include="Source\graphics\cameras\generic_3d_camera.h">
      <Filter>Header Files</Filter>
    </ClInclude>
    <ClInclude Include="Source\graphics\small_types\ray.h">
      <Filter>Header Files</Filter>
    </ClInclude>
    <ClInclude Include="Source\graphics\small_types\plane.h">
      <Filter>Header Files</Filter>
    </ClInclude>
    <ClInclude Include="Source\graphics\blending.h">
      <Filter>Header Files</Filter>
    </ClInclude>
    <ClInclude Include="Source\graphics\cameras\generic_2d_camera.h">
      <Filter>Header Files</Filter>
    </ClInclude>
    <ClInclude Include="Source\graphics\culling.h">
      <Filter>Header Files</Filter>
    </ClInclude>
    <ClInclude Include="Source\graphics\depth_test.h">
      <Filter>Header Files</Filter>
    </ClInclude>
    <ClInclude Include="Source\gmath.h">
      <Filter>Header Files</Filter>
    </ClInclude>
    <ClInclude Include="Source\graphics\shapes\cube.h">
      <Filter>Header Files</Filter>
    </ClInclude>
    <ClInclude Include="Source\graphics\shapes\quad.h">
      <Filter>Header Files</Filter>
    </ClInclude>
    <ClInclude Include="Source\graphics\generic_buffer_pool_renderer.h">
      <Filter>Header Files</Filter>
    </ClInclude>
  </ItemGroup>
  <ItemGroup>
    <ClCompile Include="Source\system\system.cpp">
      <Filter>Source Files</Filter>
    </ClCompile>
    <ClCompile Include="Source\gfoil.cpp">
      <Filter>Source Files</Filter>
    </ClCompile>
    <ClCompile Include="Source\text.cpp">
      <Filter>Source Files</Filter>
    </ClCompile>
    <ClCompile Include="Source\convert.cpp">
      <Filter>Source Files</Filter>
    </ClCompile>
    <ClCompile Include="Source\graphics\buffer_array_object.cpp">
      <Filter>Source Files</Filter>
    </ClCompile>
    <ClCompile Include="Source\graphics\buffer.cpp">
      <Filter>Source Files</Filter>
    </ClCompile>
    <ClCompile Include="Source\graphics\font.cpp">
      <Filter>Source Files</Filter>
    </ClCompile>
    <ClCompile Include="Source\graphics\generic_batch_renderer.cpp">
      <Filter>Source Files</Filter>
    </ClCompile>
    <ClCompile Include="Source\graphics\texture.cpp">
      <Filter>Source Files</Filter>
    </ClCompile>
    <ClCompile Include="Source\graphics\shader.cpp">
      <Filter>Source Files</Filter>
    </ClCompile>
    <ClCompile Include="Source\graphics\window.cpp">
      <Filter>Source Files</Filter>
    </ClCompile>
    <ClCompile Include="Source\system\input.cpp">
      <Filter>Source Files</Filter>
    </ClCompile>
    <ClCompile Include="Source\config.cpp">
      <Filter>Source Files</Filter>
    </ClCompile>
    <ClCompile Include="Source\graphics\generic_index_buffers.cpp">
      <Filter>Source Files</Filter>
    </ClCompile>
    <ClCompile Include="Source\system\Win64\CDialogEventHandler.cpp">
      <Filter>Source Files</Filter>
    </ClCompile>
    <ClCompile Include="..\deps\Glad\src\glad.c">
      <Filter>Source Files</Filter>
    </ClCompile>
    <ClCompile Include="Source\graphics\cameras\generic_3d_camera.cpp">
      <Filter>Source Files</Filter>
    </ClCompile>
    <ClCompile Include="Source\graphics\blending.cpp">
      <Filter>Source Files</Filter>
    </ClCompile>
    <ClCompile Include="Source\graphics\culling.cpp">
      <Filter>Source Files</Filter>
    </ClCompile>
    <ClCompile Include="Source\graphics\depth_test.cpp">
      <Filter>Source Files</Filter>
    </ClCompile>
    <ClCompile Include="Source\gmath.cpp">
      <Filter>Source Files</Filter>
    </ClCompile>
    <ClCompile Include="Source\graphics\shapes\cube.cpp">
      <Filter>Source Files</Filter>
    </ClCompile>
    <ClCompile Include="Source\graphics\shapes\quad.cpp">
      <Filter>Source Files</Filter>
    </ClCompile>
    <ClCompile Include="Source\graphics\cameras\generic_2d_camera.cpp">
      <Filter>Source Files</Filter>
    </ClCompile>
    <ClCompile Include="Source\graphics\generic_buffer_pool_renderer.cpp">
      <Filter>Source Files</Filter>
    </ClCompile>
  </ItemGroup>
  <ItemGroup>
    <None Include="Source\Shaders\font\fragment.glsl" />
    <None Include="Source\Shaders\font\vertex.glsl" />
  </ItemGroup>
</Project>